
Microsoft Visual Studio Solution File, Format Version 12.00
# Visual Studio Version 17
VisualStudioVersion = 17.3.32825.248
MinimumVisualStudioVersion = 10.0.40219.1
Project("{FAE04EC0-301F-11D3-BF4B-00C04F79EFBC}") = "Week2", "Week2\Week2.csproj", "{EE7F2E8C-3A3F-4CDB-8A66-3AF2B0B2F019}"
EndProject
Project("{FAE04EC0-301F-11D3-BF4B-00C04F79EFBC}") = "UserAgeValidation1", "UserAgeValidation1\UserAgeValidation1.csproj", "{72C10A40-3066-4431-BE6F-0C2AF4E6F3BD}"
EndProject
Project("{FAE04EC0-301F-11D3-BF4B-00C04F79EFBC}") = "UserGenderValidation1", "UserGenderValidation1\UserGenderValidation1.csproj", "{85FA8B2F-45CD-4BF4-AD03-87F6E1A77063}"
EndProject
Global
	GlobalSection(SolutionConfigurationPlatforms) = preSolution
		Debug|Any CPU = Debug|Any CPU
		Release|Any CPU = Release|Any CPU
	EndGlobalSection
	GlobalSection(ProjectConfigurationPlatforms) = postSolution
		{EE7F2E8C-3A3F-4CDB-8A66-3AF2B0B2F019}.Debug|Any CPU.ActiveCfg = Debug|Any CPU
		{EE7F2E8C-3A3F-4CDB-8A66-3AF2B0B2F019}.Debug|Any CPU.Build.0 = Debug|Any CPU
		{EE7F2E8C-3A3F-4CDB-8A66-3AF2B0B2F019}.Release|Any CPU.ActiveCfg = Release|Any CPU
		{EE7F2E8C-3A3F-4CDB-8A66-3AF2B0B2F019}.Release|Any CPU.Build.0 = Release|Any CPU
		{72C10A40-3066-4431-BE6F-0C2AF4E6F3BD}.Debug|Any CPU.ActiveCfg = Debug|Any CPU
		{72C10A40-3066-4431-BE6F-0C2AF4E6F3BD}.Debug|Any CPU.Build.0 = Debug|Any CPU
		{72C10A40-3066-4431-BE6F-0C2AF4E6F3BD}.Release|Any CPU.ActiveCfg = Release|Any CPU
		{72C10A40-3066-4431-BE6F-0C2AF4E6F3BD}.Release|Any CPU.Build.0 = Release|Any CPU
		{85FA8B2F-45CD-4BF4-AD03-87F6E1A77063}.Debug|Any CPU.ActiveCfg = Debug|Any CPU
		{85FA8B2F-45CD-4BF4-AD03-87F6E1A77063}.Debug|Any CPU.Build.0 = Debug|Any CPU
		{85FA8B2F-45CD-4BF4-AD03-87F6E1A77063}.Release|Any CPU.ActiveCfg = Release|Any CPU
		{85FA8B2F-45CD-4BF4-AD03-87F6E1A77063}.Release|Any CPU.Build.0 = Release|Any CPU
	EndGlobalSection
	GlobalSection(SolutionProperties) = preSolution
		HideSolutionNode = FALSE
	EndGlobalSection
	GlobalSection(ExtensibilityGlobals) = postSolution
		SolutionGuid = {CB95BB9D-2E1F-4734-BA16-DB80ED7F0368}
	EndGlobalSection
EndGlobal
